{
  "name": "influx-stitcher",
  "version": "1.0.0",
  "lockfileVersion": 1,
  "requires": true,
  "dependencies": {
    "influx": {
      "version": "5.5.0",
      "resolved": "https://registry.npmjs.org/influx/-/influx-5.5.0.tgz",
      "integrity": "sha512-L8WXFyc+hRbOfgf/lXCyACRyHOm9o3I9eCjdHlezi2I2pQqEMB6cRsoGER1XJsYa2hcOzYNUv80NXPzVgTBkSg=="
    },
    "influx-ql": {
      "version": "2.10.0",
      "resolved": "https://registry.npmjs.org/influx-ql/-/influx-ql-2.10.0.tgz",
      "integrity": "sha512-KKB1MXAgkyWxzUCdamLnXv9UtmUaeSi3Mb+Rg8HIMt49cAFWzE9jgwr+e9sKsfBi6gLK/Hfrx7fzcborqWJJlg=="
    },
    "moment": {
      "version": "2.24.0",
      "resolved": "https://registry.npmjs.org/moment/-/moment-2.24.0.tgz",
      "integrity": "sha512-bV7f+6l2QigeBBZSM/6yTNq4P2fNpSWj/0e7jQcy87A8e7o2nAfP/34/2ky5Vw4B9S446EtIhodAzkFCcR4dQg=="
    }
  }
}
